// !$*UTF8*$!
{
	archiveVersion = 1;
	classes = {
	};
	objectVersion = 56;
	objects = {

/* Begin PBXBuildFile section */
		FF12231F2966E1B800418A1B /* UIAlertController+Extensions.swift in Sources */ = {isa = PBXBuildFile; fileRef = FF12231E2966E1B800418A1B /* UIAlertController+Extensions.swift */; };
		FF1223212966F0CE00418A1B /* CommonWebDIContainer.swift in Sources */ = {isa = PBXBuildFile; fileRef = FF1223202966F0CD00418A1B /* CommonWebDIContainer.swift */; };
		FF12232429671BFE00418A1B /* Bundle+Extensions.swift in Sources */ = {isa = PBXBuildFile; fileRef = FF12232329671BFE00418A1B /* Bundle+Extensions.swift */; };
		FF1223282968432F00418A1B /* Token.swift in Sources */ = {isa = PBXBuildFile; fileRef = FF1223272968432F00418A1B /* Token.swift */; };
		FF12232E2968AA5800418A1B /* UserDefaults+Extensions.swift in Sources */ = {isa = PBXBuildFile; fileRef = FF12232D2968AA5800418A1B /* UserDefaults+Extensions.swift */; };
		FF775D542968AFD900DFB500 /* PostViewController.swift in Sources */ = {isa = PBXBuildFile; fileRef = FF775D532968AFD900DFB500 /* PostViewController.swift */; };
		FF775D572968B16900DFB500 /* GCMNavigationViewController.swift in Sources */ = {isa = PBXBuildFile; fileRef = FF775D562968B16900DFB500 /* GCMNavigationViewController.swift */; };
		FF775D592968BE5200DFB500 /* PostViewReactor.swift in Sources */ = {isa = PBXBuildFile; fileRef = FF775D582968BE5200DFB500 /* PostViewReactor.swift */; };
		FF775D5B2968BF1D00DFB500 /* PostDIContainer.swift in Sources */ = {isa = PBXBuildFile; fileRef = FF775D5A2968BF1D00DFB500 /* PostDIContainer.swift */; };
		FF775D5D2968CF6D00DFB500 /* Notification+Extension.swift in Sources */ = {isa = PBXBuildFile; fileRef = FF775D5C2968CF6D00DFB500 /* Notification+Extension.swift */; };
		FF775D6029699E6100DFB500 /* MainViewController.swift in Sources */ = {isa = PBXBuildFile; fileRef = FF775D5F29699E6100DFB500 /* MainViewController.swift */; };
		FF775D692969A37300DFB500 /* Localizable.strings in Resources */ = {isa = PBXBuildFile; fileRef = FF775D6B2969A37300DFB500 /* Localizable.strings */; };
		FF775D6E2969A40500DFB500 /* String+Extensions.swift in Sources */ = {isa = PBXBuildFile; fileRef = FF775D6D2969A40500DFB500 /* String+Extensions.swift */; };
		FF775D702969CC8200DFB500 /* Search.swift in Sources */ = {isa = PBXBuildFile; fileRef = FF775D6F2969CC8200DFB500 /* Search.swift */; };
		FF775D732969E0C200DFB500 /* APIError.swift in Sources */ = {isa = PBXBuildFile; fileRef = FF775D722969E0C200DFB500 /* APIError.swift */; };
		FF775D76296A030B00DFB500 /* SearchView.swift in Sources */ = {isa = PBXBuildFile; fileRef = FF775D75296A030B00DFB500 /* SearchView.swift */; };
		FF775D78296A034300DFB500 /* UIView+Extensions.swift in Sources */ = {isa = PBXBuildFile; fileRef = FF775D77296A034300DFB500 /* UIView+Extensions.swift */; };
		FF775D7B296AF99100DFB500 /* RxGesture in Frameworks */ = {isa = PBXBuildFile; productRef = FF775D7A296AF99100DFB500 /* RxGesture */; };
		FF775D7E296AF9D300DFB500 /* SearchViewController.swift in Sources */ = {isa = PBXBuildFile; fileRef = FF775D7D296AF9D300DFB500 /* SearchViewController.swift */; };
		FF775D80296AFA1C00DFB500 /* SearchDIContainer.swift in Sources */ = {isa = PBXBuildFile; fileRef = FF775D7F296AFA1C00DFB500 /* SearchDIContainer.swift */; };
		FF775D83296AFA7400DFB500 /* SearchViewReactor.swift in Sources */ = {isa = PBXBuildFile; fileRef = FF775D82296AFA7400DFB500 /* SearchViewReactor.swift */; };
		FF775D86296AFD7100DFB500 /* SearchViewSection.swift in Sources */ = {isa = PBXBuildFile; fileRef = FF775D85296AFD7100DFB500 /* SearchViewSection.swift */; };
		FF775D88296B014D00DFB500 /* GCMLeftAlignedCollectionViewFlowLayout.swift in Sources */ = {isa = PBXBuildFile; fileRef = FF775D87296B014C00DFB500 /* GCMLeftAlignedCollectionViewFlowLayout.swift */; };
		FF775D8B296B046600DFB500 /* SearchRecentlyKeywordCell.swift in Sources */ = {isa = PBXBuildFile; fileRef = FF775D8A296B046600DFB500 /* SearchRecentlyKeywordCell.swift */; };
		FF775D8E296B071600DFB500 /* SearchRecentlyKeywordCellReactor.swift in Sources */ = {isa = PBXBuildFile; fileRef = FF775D8D296B071600DFB500 /* SearchRecentlyKeywordCellReactor.swift */; };
		FF775D94296B211400DFB500 /* UICollectionViewCell+Extensions.swift in Sources */ = {isa = PBXBuildFile; fileRef = FF775D93296B211400DFB500 /* UICollectionViewCell+Extensions.swift */; };
		FF775D9E296B337C00DFB500 /* Launch Screen.storyboard in Resources */ = {isa = PBXBuildFile; fileRef = FF775D9D296B337C00DFB500 /* Launch Screen.storyboard */; };
		FF775DA1296B4C8E00DFB500 /* PostViewSection.swift in Sources */ = {isa = PBXBuildFile; fileRef = FF775DA0296B4C8E00DFB500 /* PostViewSection.swift */; };
		FF775DA6296B4F1200DFB500 /* PostRepositoryListCell.swift in Sources */ = {isa = PBXBuildFile; fileRef = FF775DA5296B4F1200DFB500 /* PostRepositoryListCell.swift */; };
		FF775DA8296B4F4800DFB500 /* PostRepositoryCellReactor.swift in Sources */ = {isa = PBXBuildFile; fileRef = FF775DA7296B4F4800DFB500 /* PostRepositoryCellReactor.swift */; };
		FF775DAA296B626B00DFB500 /* RepositoryEmptyView.swift in Sources */ = {isa = PBXBuildFile; fileRef = FF775DA9296B626B00DFB500 /* RepositoryEmptyView.swift */; };
		FF775DAC296B683A00DFB500 /* Star.swift in Sources */ = {isa = PBXBuildFile; fileRef = FF775DAB296B683A00DFB500 /* Star.swift */; };
		FF775DAF296B954C00DFB500 /* ProfileViewController.swift in Sources */ = {isa = PBXBuildFile; fileRef = FF775DAE296B954C00DFB500 /* ProfileViewController.swift */; };
		FF775DB1296B957800DFB500 /* ProfileDIContainer.swift in Sources */ = {isa = PBXBuildFile; fileRef = FF775DB0296B957800DFB500 /* ProfileDIContainer.swift */; };
		FF775DB4296B966F00DFB500 /* ProfileViewReactor.swift in Sources */ = {isa = PBXBuildFile; fileRef = FF775DB3296B966F00DFB500 /* ProfileViewReactor.swift */; };
		FF775DB6296B9E4E00DFB500 /* Profile.swift in Sources */ = {isa = PBXBuildFile; fileRef = FF775DB5296B9E4E00DFB500 /* Profile.swift */; };
		FF775DB8296BC73300DFB500 /* Organizations.swift in Sources */ = {isa = PBXBuildFile; fileRef = FF775DB7296BC73300DFB500 /* Organizations.swift */; };
		FF775DBB296BDA1F00DFB500 /* ProfileViewSection.swift in Sources */ = {isa = PBXBuildFile; fileRef = FF775DBA296BDA1F00DFB500 /* ProfileViewSection.swift */; };
		FF775DBE296BDC5600DFB500 /* ProfileOrganizationsCell.swift in Sources */ = {isa = PBXBuildFile; fileRef = FF775DBD296BDC5600DFB500 /* ProfileOrganizationsCell.swift */; };
		FF775DC1296BDCC200DFB500 /* ProfileOrganizationsCellReactor.swift in Sources */ = {isa = PBXBuildFile; fileRef = FF775DC0296BDCC200DFB500 /* ProfileOrganizationsCellReactor.swift */; };
		FF9CE3962965B452008265A0 /* AppDelegate.swift in Sources */ = {isa = PBXBuildFile; fileRef = FF9CE3952965B452008265A0 /* AppDelegate.swift */; };
		FF9CE3982965B452008265A0 /* SceneDelegate.swift in Sources */ = {isa = PBXBuildFile; fileRef = FF9CE3972965B452008265A0 /* SceneDelegate.swift */; };
		FF9CE39F2965B453008265A0 /* Assets.xcassets in Resources */ = {isa = PBXBuildFile; fileRef = FF9CE39E2965B453008265A0 /* Assets.xcassets */; };
		FF9CE3AD2965B454008265A0 /* GitCoMingTests.swift in Sources */ = {isa = PBXBuildFile; fileRef = FF9CE3AC2965B454008265A0 /* GitCoMingTests.swift */; };
		FF9CE3B72965B454008265A0 /* GitCoMingUITests.swift in Sources */ = {isa = PBXBuildFile; fileRef = FF9CE3B62965B454008265A0 /* GitCoMingUITests.swift */; };
		FF9CE3B92965B454008265A0 /* GitCoMingUITestsLaunchTests.swift in Sources */ = {isa = PBXBuildFile; fileRef = FF9CE3B82965B454008265A0 /* GitCoMingUITestsLaunchTests.swift */; };
		FFCC88FB2966131000AAD594 /* CommonWebViewReactor.swift in Sources */ = {isa = PBXBuildFile; fileRef = FFCC88FA2966131000AAD594 /* CommonWebViewReactor.swift */; };
		FFCC88FD296615AD00AAD594 /* ReactorKit+Extensions.swift in Sources */ = {isa = PBXBuildFile; fileRef = FFCC88FC296615AD00AAD594 /* ReactorKit+Extensions.swift */; };
		FFCC89022966B66400AAD594 /* SignInViewReactor.swift in Sources */ = {isa = PBXBuildFile; fileRef = FFCC89012966B66400AAD594 /* SignInViewReactor.swift */; };
		FFCC89042966B6AE00AAD594 /* SignInViewController.swift in Sources */ = {isa = PBXBuildFile; fileRef = FFCC89032966B6AE00AAD594 /* SignInViewController.swift */; };
		FFCC890C2966C2B300AAD594 /* SignInDIContainer.swift in Sources */ = {isa = PBXBuildFile; fileRef = FFCC890B2966C2B300AAD594 /* SignInDIContainer.swift */; };
		FFF182AE2965B90E00E452C4 /* RxCocoa in Frameworks */ = {isa = PBXBuildFile; productRef = FFF182AD2965B90E00E452C4 /* RxCocoa */; };
		FFF182B02965B90E00E452C4 /* RxSwift in Frameworks */ = {isa = PBXBuildFile; productRef = FFF182AF2965B90E00E452C4 /* RxSwift */; };
		FFF182B32965B93F00E452C4 /* Differentiator in Frameworks */ = {isa = PBXBuildFile; productRef = FFF182B22965B93F00E452C4 /* Differentiator */; };
		FFF182B52965B93F00E452C4 /* RxDataSources in Frameworks */ = {isa = PBXBuildFile; productRef = FFF182B42965B93F00E452C4 /* RxDataSources */; };
		FFF182B82965B95F00E452C4 /* ReactorKit in Frameworks */ = {isa = PBXBuildFile; productRef = FFF182B72965B95F00E452C4 /* ReactorKit */; };
		FFF182BB2965B97B00E452C4 /* SnapKit in Frameworks */ = {isa = PBXBuildFile; productRef = FFF182BA2965B97B00E452C4 /* SnapKit */; };
		FFF182BE2965B99600E452C4 /* Then in Frameworks */ = {isa = PBXBuildFile; productRef = FFF182BD2965B99600E452C4 /* Then */; };
		FFF182C92965BCDB00E452C4 /* SplashViewController.swift in Sources */ = {isa = PBXBuildFile; fileRef = FFF182C82965BCDB00E452C4 /* SplashViewController.swift */; };
		FFF182CB2965BE0500E452C4 /* UIFont+Extensions.swift in Sources */ = {isa = PBXBuildFile; fileRef = FFF182CA2965BE0400E452C4 /* UIFont+Extensions.swift */; };
		FFF182CD2965C0B800E452C4 /* UIColor+Extensions.swift in Sources */ = {isa = PBXBuildFile; fileRef = FFF182CC2965C0B800E452C4 /* UIColor+Extensions.swift */; };
		FFF182CF2965C8C000E452C4 /* UIViewController+Extensions.swift in Sources */ = {isa = PBXBuildFile; fileRef = FFF182CE2965C8C000E452C4 /* UIViewController+Extensions.swift */; };
		FFF182D32965DC7500E452C4 /* SplashViewReactor.swift in Sources */ = {isa = PBXBuildFile; fileRef = FFF182D22965DC7500E452C4 /* SplashViewReactor.swift */; };
		FFF182DD2965E6D200E452C4 /* BaseDIContainer.swift in Sources */ = {isa = PBXBuildFile; fileRef = FFF182DC2965E6D200E452C4 /* BaseDIContainer.swift */; };
		FFF182E52965F99C00E452C4 /* Entity+Extensions.swift in Sources */ = {isa = PBXBuildFile; fileRef = FFF182E42965F99C00E452C4 /* Entity+Extensions.swift */; };
		FFF182E82965FF5000E452C4 /* Alamofire in Frameworks */ = {isa = PBXBuildFile; productRef = FFF182E72965FF5000E452C4 /* Alamofire */; };
		FFF182EB2965FF8300E452C4 /* ApiHelper.swift in Sources */ = {isa = PBXBuildFile; fileRef = FFF182EA2965FF8300E452C4 /* ApiHelper.swift */; };
		FFF182EE2966000000E452C4 /* BaseRouter.swift in Sources */ = {isa = PBXBuildFile; fileRef = FFF182ED2966000000E452C4 /* BaseRouter.swift */; };
		FFF182F129660E8700E452C4 /* CommonWebViewController.swift in Sources */ = {isa = PBXBuildFile; fileRef = FFF182F029660E8600E452C4 /* CommonWebViewController.swift */; };
/* End PBXBuildFile section */

/* Begin PBXContainerItemProxy section */
		FF9CE3A92965B454008265A0 /* PBXContainerItemProxy */ = {
			isa = PBXContainerItemProxy;
			containerPortal = FF9CE38A2965B452008265A0 /* Project object */;
			proxyType = 1;
			remoteGlobalIDString = FF9CE3912965B452008265A0;
			remoteInfo = GitCoMing;
		};
		FF9CE3B32965B454008265A0 /* PBXContainerItemProxy */ = {
			isa = PBXContainerItemProxy;
			containerPortal = FF9CE38A2965B452008265A0 /* Project object */;
			proxyType = 1;
			remoteGlobalIDString = FF9CE3912965B452008265A0;
			remoteInfo = GitCoMing;
		};
/* End PBXContainerItemProxy section */

/* Begin PBXFileReference section */
		FF12231E2966E1B800418A1B /* UIAlertController+Extensions.swift */ = {isa = PBXFileReference; lastKnownFileType = sourcecode.swift; path = "UIAlertController+Extensions.swift"; sourceTree = "<group>"; };
		FF1223202966F0CD00418A1B /* CommonWebDIContainer.swift */ = {isa = PBXFileReference; lastKnownFileType = sourcecode.swift; path = CommonWebDIContainer.swift; sourceTree = "<group>"; };
		FF12232329671BFE00418A1B /* Bundle+Extensions.swift */ = {isa = PBXFileReference; lastKnownFileType = sourcecode.swift; path = "Bundle+Extensions.swift"; sourceTree = "<group>"; };
		FF1223272968432F00418A1B /* Token.swift */ = {isa = PBXFileReference; lastKnownFileType = sourcecode.swift; path = Token.swift; sourceTree = "<group>"; };
		FF12232D2968AA5800418A1B /* UserDefaults+Extensions.swift */ = {isa = PBXFileReference; lastKnownFileType = sourcecode.swift; path = "UserDefaults+Extensions.swift"; sourceTree = "<group>"; };
		FF775D532968AFD900DFB500 /* PostViewController.swift */ = {isa = PBXFileReference; lastKnownFileType = sourcecode.swift; path = PostViewController.swift; sourceTree = "<group>"; };
		FF775D562968B16900DFB500 /* GCMNavigationViewController.swift */ = {isa = PBXFileReference; lastKnownFileType = sourcecode.swift; path = GCMNavigationViewController.swift; sourceTree = "<group>"; };
		FF775D582968BE5200DFB500 /* PostViewReactor.swift */ = {isa = PBXFileReference; lastKnownFileType = sourcecode.swift; path = PostViewReactor.swift; sourceTree = "<group>"; };
		FF775D5A2968BF1D00DFB500 /* PostDIContainer.swift */ = {isa = PBXFileReference; lastKnownFileType = sourcecode.swift; path = PostDIContainer.swift; sourceTree = "<group>"; };
		FF775D5C2968CF6D00DFB500 /* Notification+Extension.swift */ = {isa = PBXFileReference; lastKnownFileType = sourcecode.swift; path = "Notification+Extension.swift"; sourceTree = "<group>"; };
		FF775D5F29699E6100DFB500 /* MainViewController.swift */ = {isa = PBXFileReference; lastKnownFileType = sourcecode.swift; path = MainViewController.swift; sourceTree = "<group>"; };
		FF775D6A2969A37300DFB500 /* en */ = {isa = PBXFileReference; lastKnownFileType = text.plist.strings; name = en; path = en.lproj/Localizable.strings; sourceTree = "<group>"; };
		FF775D6C2969A39F00DFB500 /* ko */ = {isa = PBXFileReference; lastKnownFileType = text.plist.strings; name = ko; path = ko.lproj/Localizable.strings; sourceTree = "<group>"; };
		FF775D6D2969A40500DFB500 /* String+Extensions.swift */ = {isa = PBXFileReference; lastKnownFileType = sourcecode.swift; path = "String+Extensions.swift"; sourceTree = "<group>"; };
		FF775D6F2969CC8200DFB500 /* Search.swift */ = {isa = PBXFileReference; lastKnownFileType = sourcecode.swift; path = Search.swift; sourceTree = "<group>"; };
		FF775D722969E0C200DFB500 /* APIError.swift */ = {isa = PBXFileReference; lastKnownFileType = sourcecode.swift; path = APIError.swift; sourceTree = "<group>"; };
		FF775D75296A030B00DFB500 /* SearchView.swift */ = {isa = PBXFileReference; lastKnownFileType = sourcecode.swift; path = SearchView.swift; sourceTree = "<group>"; };
		FF775D77296A034300DFB500 /* UIView+Extensions.swift */ = {isa = PBXFileReference; lastKnownFileType = sourcecode.swift; path = "UIView+Extensions.swift"; sourceTree = "<group>"; };
		FF775D7D296AF9D300DFB500 /* SearchViewController.swift */ = {isa = PBXFileReference; lastKnownFileType = sourcecode.swift; path = SearchViewController.swift; sourceTree = "<group>"; };
		FF775D7F296AFA1C00DFB500 /* SearchDIContainer.swift */ = {isa = PBXFileReference; lastKnownFileType = sourcecode.swift; path = SearchDIContainer.swift; sourceTree = "<group>"; };
		FF775D82296AFA7400DFB500 /* SearchViewReactor.swift */ = {isa = PBXFileReference; lastKnownFileType = sourcecode.swift; path = SearchViewReactor.swift; sourceTree = "<group>"; };
		FF775D85296AFD7100DFB500 /* SearchViewSection.swift */ = {isa = PBXFileReference; lastKnownFileType = sourcecode.swift; path = SearchViewSection.swift; sourceTree = "<group>"; };
		FF775D87296B014C00DFB500 /* GCMLeftAlignedCollectionViewFlowLayout.swift */ = {isa = PBXFileReference; lastKnownFileType = sourcecode.swift; path = GCMLeftAlignedCollectionViewFlowLayout.swift; sourceTree = "<group>"; };
		FF775D8A296B046600DFB500 /* SearchRecentlyKeywordCell.swift */ = {isa = PBXFileReference; lastKnownFileType = sourcecode.swift; path = SearchRecentlyKeywordCell.swift; sourceTree = "<group>"; };
		FF775D8D296B071600DFB500 /* SearchRecentlyKeywordCellReactor.swift */ = {isa = PBXFileReference; lastKnownFileType = sourcecode.swift; path = SearchRecentlyKeywordCellReactor.swift; sourceTree = "<group>"; };
		FF775D93296B211400DFB500 /* UICollectionViewCell+Extensions.swift */ = {isa = PBXFileReference; lastKnownFileType = sourcecode.swift; path = "UICollectionViewCell+Extensions.swift"; sourceTree = "<group>"; };
		FF775D9D296B337C00DFB500 /* Launch Screen.storyboard */ = {isa = PBXFileReference; lastKnownFileType = file.storyboard; path = "Launch Screen.storyboard"; sourceTree = "<group>"; };
		FF775DA0296B4C8E00DFB500 /* PostViewSection.swift */ = {isa = PBXFileReference; lastKnownFileType = sourcecode.swift; path = PostViewSection.swift; sourceTree = "<group>"; };
		FF775DA5296B4F1200DFB500 /* PostRepositoryListCell.swift */ = {isa = PBXFileReference; lastKnownFileType = sourcecode.swift; path = PostRepositoryListCell.swift; sourceTree = "<group>"; };
		FF775DA7296B4F4800DFB500 /* PostRepositoryCellReactor.swift */ = {isa = PBXFileReference; lastKnownFileType = sourcecode.swift; path = PostRepositoryCellReactor.swift; sourceTree = "<group>"; };
		FF775DA9296B626B00DFB500 /* RepositoryEmptyView.swift */ = {isa = PBXFileReference; lastKnownFileType = sourcecode.swift; path = RepositoryEmptyView.swift; sourceTree = "<group>"; };
		FF775DAB296B683A00DFB500 /* Star.swift */ = {isa = PBXFileReference; lastKnownFileType = sourcecode.swift; path = Star.swift; sourceTree = "<group>"; };
		FF775DAE296B954C00DFB500 /* ProfileViewController.swift */ = {isa = PBXFileReference; lastKnownFileType = sourcecode.swift; path = ProfileViewController.swift; sourceTree = "<group>"; };
		FF775DB0296B957800DFB500 /* ProfileDIContainer.swift */ = {isa = PBXFileReference; lastKnownFileType = sourcecode.swift; path = ProfileDIContainer.swift; sourceTree = "<group>"; };
		FF775DB3296B966F00DFB500 /* ProfileViewReactor.swift */ = {isa = PBXFileReference; lastKnownFileType = sourcecode.swift; path = ProfileViewReactor.swift; sourceTree = "<group>"; };
		FF775DB5296B9E4E00DFB500 /* Profile.swift */ = {isa = PBXFileReference; lastKnownFileType = sourcecode.swift; path = Profile.swift; sourceTree = "<group>"; };
		FF775DB7296BC73300DFB500 /* Organizations.swift */ = {isa = PBXFileReference; lastKnownFileType = sourcecode.swift; path = Organizations.swift; sourceTree = "<group>"; };
		FF775DBA296BDA1F00DFB500 /* ProfileViewSection.swift */ = {isa = PBXFileReference; lastKnownFileType = sourcecode.swift; path = ProfileViewSection.swift; sourceTree = "<group>"; };
		FF775DBD296BDC5600DFB500 /* ProfileOrganizationsCell.swift */ = {isa = PBXFileReference; lastKnownFileType = sourcecode.swift; path = ProfileOrganizationsCell.swift; sourceTree = "<group>"; };
		FF775DC0296BDCC200DFB500 /* ProfileOrganizationsCellReactor.swift */ = {isa = PBXFileReference; lastKnownFileType = sourcecode.swift; path = ProfileOrganizationsCellReactor.swift; sourceTree = "<group>"; };
		FF9CE3922965B452008265A0 /* GitCoMing.app */ = {isa = PBXFileReference; explicitFileType = wrapper.application; includeInIndex = 0; path = GitCoMing.app; sourceTree = BUILT_PRODUCTS_DIR; };
		FF9CE3952965B452008265A0 /* AppDelegate.swift */ = {isa = PBXFileReference; lastKnownFileType = sourcecode.swift; path = AppDelegate.swift; sourceTree = "<group>"; };
		FF9CE3972965B452008265A0 /* SceneDelegate.swift */ = {isa = PBXFileReference; lastKnownFileType = sourcecode.swift; path = SceneDelegate.swift; sourceTree = "<group>"; };
		FF9CE39E2965B453008265A0 /* Assets.xcassets */ = {isa = PBXFileReference; lastKnownFileType = folder.assetcatalog; path = Assets.xcassets; sourceTree = "<group>"; };
		FF9CE3A32965B453008265A0 /* Info.plist */ = {isa = PBXFileReference; lastKnownFileType = text.plist.xml; path = Info.plist; sourceTree = "<group>"; };
		FF9CE3A82965B454008265A0 /* GitCoMingTests.xctest */ = {isa = PBXFileReference; explicitFileType = wrapper.cfbundle; includeInIndex = 0; path = GitCoMingTests.xctest; sourceTree = BUILT_PRODUCTS_DIR; };
		FF9CE3AC2965B454008265A0 /* GitCoMingTests.swift */ = {isa = PBXFileReference; lastKnownFileType = sourcecode.swift; path = GitCoMingTests.swift; sourceTree = "<group>"; };
		FF9CE3B22965B454008265A0 /* GitCoMingUITests.xctest */ = {isa = PBXFileReference; explicitFileType = wrapper.cfbundle; includeInIndex = 0; path = GitCoMingUITests.xctest; sourceTree = BUILT_PRODUCTS_DIR; };
		FF9CE3B62965B454008265A0 /* GitCoMingUITests.swift */ = {isa = PBXFileReference; lastKnownFileType = sourcecode.swift; path = GitCoMingUITests.swift; sourceTree = "<group>"; };
		FF9CE3B82965B454008265A0 /* GitCoMingUITestsLaunchTests.swift */ = {isa = PBXFileReference; lastKnownFileType = sourcecode.swift; path = GitCoMingUITestsLaunchTests.swift; sourceTree = "<group>"; };
		FFCC88FA2966131000AAD594 /* CommonWebViewReactor.swift */ = {isa = PBXFileReference; lastKnownFileType = sourcecode.swift; path = CommonWebViewReactor.swift; sourceTree = "<group>"; };
		FFCC88FC296615AD00AAD594 /* ReactorKit+Extensions.swift */ = {isa = PBXFileReference; lastKnownFileType = sourcecode.swift; path = "ReactorKit+Extensions.swift"; sourceTree = "<group>"; };
		FFCC89012966B66400AAD594 /* SignInViewReactor.swift */ = {isa = PBXFileReference; lastKnownFileType = sourcecode.swift; path = SignInViewReactor.swift; sourceTree = "<group>"; };
		FFCC89032966B6AE00AAD594 /* SignInViewController.swift */ = {isa = PBXFileReference; lastKnownFileType = sourcecode.swift; path = SignInViewController.swift; sourceTree = "<group>"; };
		FFCC890B2966C2B300AAD594 /* SignInDIContainer.swift */ = {isa = PBXFileReference; lastKnownFileType = sourcecode.swift; path = SignInDIContainer.swift; sourceTree = "<group>"; };
		FFF182C82965BCDB00E452C4 /* SplashViewController.swift */ = {isa = PBXFileReference; lastKnownFileType = sourcecode.swift; path = SplashViewController.swift; sourceTree = "<group>"; };
		FFF182CA2965BE0400E452C4 /* UIFont+Extensions.swift */ = {isa = PBXFileReference; lastKnownFileType = sourcecode.swift; path = "UIFont+Extensions.swift"; sourceTree = "<group>"; };
		FFF182CC2965C0B800E452C4 /* UIColor+Extensions.swift */ = {isa = PBXFileReference; lastKnownFileType = sourcecode.swift; path = "UIColor+Extensions.swift"; sourceTree = "<group>"; };
		FFF182CE2965C8C000E452C4 /* UIViewController+Extensions.swift */ = {isa = PBXFileReference; lastKnownFileType = sourcecode.swift; path = "UIViewController+Extensions.swift"; sourceTree = "<group>"; };
		FFF182D22965DC7500E452C4 /* SplashViewReactor.swift */ = {isa = PBXFileReference; lastKnownFileType = sourcecode.swift; path = SplashViewReactor.swift; sourceTree = "<group>"; };
		FFF182DC2965E6D200E452C4 /* BaseDIContainer.swift */ = {isa = PBXFileReference; lastKnownFileType = sourcecode.swift; path = BaseDIContainer.swift; sourceTree = "<group>"; };
		FFF182E42965F99C00E452C4 /* Entity+Extensions.swift */ = {isa = PBXFileReference; lastKnownFileType = sourcecode.swift; path = "Entity+Extensions.swift"; sourceTree = "<group>"; };
		FFF182EA2965FF8300E452C4 /* ApiHelper.swift */ = {isa = PBXFileReference; lastKnownFileType = sourcecode.swift; path = ApiHelper.swift; sourceTree = "<group>"; };
		FFF182ED2966000000E452C4 /* BaseRouter.swift */ = {isa = PBXFileReference; lastKnownFileType = sourcecode.swift; path = BaseRouter.swift; sourceTree = "<group>"; };
		FFF182F029660E8600E452C4 /* CommonWebViewController.swift */ = {isa = PBXFileReference; lastKnownFileType = sourcecode.swift; path = CommonWebViewController.swift; sourceTree = "<group>"; };
/* End PBXFileReference section */

/* Begin PBXFrameworksBuildPhase section */
		FF9CE38F2965B452008265A0 /* Frameworks */ = {
			isa = PBXFrameworksBuildPhase;
			buildActionMask = 2147483647;
			files = (
				FFF182B02965B90E00E452C4 /* RxSwift in Frameworks */,
				FF775D7B296AF99100DFB500 /* RxGesture in Frameworks */,
				FFF182E82965FF5000E452C4 /* Alamofire in Frameworks */,
				FFF182B52965B93F00E452C4 /* RxDataSources in Frameworks */,
				FFF182B32965B93F00E452C4 /* Differentiator in Frameworks */,
				FFF182BE2965B99600E452C4 /* Then in Frameworks */,
				FFF182BB2965B97B00E452C4 /* SnapKit in Frameworks */,
				FFF182B82965B95F00E452C4 /* ReactorKit in Frameworks */,
				FFF182AE2965B90E00E452C4 /* RxCocoa in Frameworks */,
			);
			runOnlyForDeploymentPostprocessing = 0;
		};
		FF9CE3A52965B454008265A0 /* Frameworks */ = {
			isa = PBXFrameworksBuildPhase;
			buildActionMask = 2147483647;
			files = (
			);
			runOnlyForDeploymentPostprocessing = 0;
		};
		FF9CE3AF2965B454008265A0 /* Frameworks */ = {
			isa = PBXFrameworksBuildPhase;
			buildActionMask = 2147483647;
			files = (
			);
			runOnlyForDeploymentPostprocessing = 0;
		};
/* End PBXFrameworksBuildPhase section */

/* Begin PBXGroup section */
		FF775D512968AFBC00DFB500 /* Post */ = {
			isa = PBXGroup;
			children = (
				FF775D9F296B4C6900DFB500 /* DataSources */,
				FF775D74296A02E200DFB500 /* Components */,
				FF775D522968AFC900DFB500 /* Reactor */,
				FF775D532968AFD900DFB500 /* PostViewController.swift */,
			);
			path = Post;
			sourceTree = "<group>";
		};
		FF775D522968AFC900DFB500 /* Reactor */ = {
			isa = PBXGroup;
			children = (
				FF775DA2296B4E1200DFB500 /* CellReactor */,
				FF775D582968BE5200DFB500 /* PostViewReactor.swift */,
			);
			path = Reactor;
			sourceTree = "<group>";
		};
		FF775D552968B14700DFB500 /* Components */ = {
			isa = PBXGroup;
			children = (
				FF775D562968B16900DFB500 /* GCMNavigationViewController.swift */,
				FF775D87296B014C00DFB500 /* GCMLeftAlignedCollectionViewFlowLayout.swift */,
			);
			path = Components;
			sourceTree = "<group>";
		};
		FF775D5E29699E4800DFB500 /* Main */ = {
			isa = PBXGroup;
			children = (
				FF775D5F29699E6100DFB500 /* MainViewController.swift */,
			);
			path = Main;
			sourceTree = "<group>";
		};
		FF775D612969A2DF00DFB500 /* Localize */ = {
			isa = PBXGroup;
			children = (
				FF775D6B2969A37300DFB500 /* Localizable.strings */,
			);
			path = Localize;
			sourceTree = "<group>";
		};
		FF775D712969D14100DFB500 /* APIError */ = {
			isa = PBXGroup;
			children = (
				FF775D722969E0C200DFB500 /* APIError.swift */,
			);
			path = APIError;
			sourceTree = "<group>";
		};
		FF775D74296A02E200DFB500 /* Components */ = {
			isa = PBXGroup;
			children = (
				FF775DA4296B4E7B00DFB500 /* Cell */,
				FF775D75296A030B00DFB500 /* SearchView.swift */,
				FF775DA9296B626B00DFB500 /* RepositoryEmptyView.swift */,
			);
			path = Components;
			sourceTree = "<group>";
		};
		FF775D7C296AF9BB00DFB500 /* Search */ = {
			isa = PBXGroup;
			children = (
				FF775D89296B044000DFB500 /* Components */,
				FF775D84296AFD5700DFB500 /* DataSources */,
				FF775D81296AFA6500DFB500 /* Reactor */,
				FF775D7D296AF9D300DFB500 /* SearchViewController.swift */,
			);
			path = Search;
			sourceTree = "<group>";
		};
		FF775D81296AFA6500DFB500 /* Reactor */ = {
			isa = PBXGroup;
			children = (
				FF775D8C296B06FB00DFB500 /* CellReactor */,
				FF775D82296AFA7400DFB500 /* SearchViewReactor.swift */,
			);
			path = Reactor;
			sourceTree = "<group>";
		};
		FF775D84296AFD5700DFB500 /* DataSources */ = {
			isa = PBXGroup;
			children = (
				FF775D85296AFD7100DFB500 /* SearchViewSection.swift */,
			);
			path = DataSources;
			sourceTree = "<group>";
		};
		FF775D89296B044000DFB500 /* Components */ = {
			isa = PBXGroup;
			children = (
				FF775D8F296B20AE00DFB500 /* Cell */,
			);
			path = Components;
			sourceTree = "<group>";
		};
		FF775D8C296B06FB00DFB500 /* CellReactor */ = {
			isa = PBXGroup;
			children = (
				FF775D8D296B071600DFB500 /* SearchRecentlyKeywordCellReactor.swift */,
			);
			path = CellReactor;
			sourceTree = "<group>";
		};
		FF775D8F296B20AE00DFB500 /* Cell */ = {
			isa = PBXGroup;
			children = (
				FF775D8A296B046600DFB500 /* SearchRecentlyKeywordCell.swift */,
			);
			path = Cell;
			sourceTree = "<group>";
		};
		FF775D9F296B4C6900DFB500 /* DataSources */ = {
			isa = PBXGroup;
			children = (
				FF775DA0296B4C8E00DFB500 /* PostViewSection.swift */,
			);
			path = DataSources;
			sourceTree = "<group>";
		};
		FF775DA2296B4E1200DFB500 /* CellReactor */ = {
			isa = PBXGroup;
			children = (
				FF775DA7296B4F4800DFB500 /* PostRepositoryCellReactor.swift */,
			);
			path = CellReactor;
			sourceTree = "<group>";
		};
		FF775DA4296B4E7B00DFB500 /* Cell */ = {
			isa = PBXGroup;
			children = (
				FF775DA5296B4F1200DFB500 /* PostRepositoryListCell.swift */,
			);
			path = Cell;
			sourceTree = "<group>";
		};
		FF775DAD296B953200DFB500 /* Profile */ = {
			isa = PBXGroup;
			children = (
				FF775DB9296BDA0700DFB500 /* DataSources */,
				FF775DBC296BDC2800DFB500 /* Components */,
				FF775DB2296B965C00DFB500 /* Reactor */,
				FF775DAE296B954C00DFB500 /* ProfileViewController.swift */,
			);
			path = Profile;
			sourceTree = "<group>";
		};
		FF775DB2296B965C00DFB500 /* Reactor */ = {
			isa = PBXGroup;
			children = (
				FF775DBF296BDCAE00DFB500 /* CellReactor */,
				FF775DB3296B966F00DFB500 /* ProfileViewReactor.swift */,
			);
			path = Reactor;
			sourceTree = "<group>";
		};
		FF775DB9296BDA0700DFB500 /* DataSources */ = {
			isa = PBXGroup;
			children = (
				FF775DBA296BDA1F00DFB500 /* ProfileViewSection.swift */,
			);
			path = DataSources;
			sourceTree = "<group>";
		};
		FF775DBC296BDC2800DFB500 /* Components */ = {
			isa = PBXGroup;
			children = (
				FF775DBD296BDC5600DFB500 /* ProfileOrganizationsCell.swift */,
			);
			path = Components;
			sourceTree = "<group>";
		};
		FF775DBF296BDCAE00DFB500 /* CellReactor */ = {
			isa = PBXGroup;
			children = (
				FF775DC0296BDCC200DFB500 /* ProfileOrganizationsCellReactor.swift */,
			);
			path = CellReactor;
			sourceTree = "<group>";
		};
		FF9CE3892965B452008265A0 = {
			isa = PBXGroup;
			children = (
				FF9CE3942965B452008265A0 /* GitCoMing */,
				FF9CE3AB2965B454008265A0 /* GitCoMingTests */,
				FF9CE3B52965B454008265A0 /* GitCoMingUITests */,
				FF9CE3932965B452008265A0 /* Products */,
			);
			sourceTree = "<group>";
		};
		FF9CE3932965B452008265A0 /* Products */ = {
			isa = PBXGroup;
			children = (
				FF9CE3922965B452008265A0 /* GitCoMing.app */,
				FF9CE3A82965B454008265A0 /* GitCoMingTests.xctest */,
				FF9CE3B22965B454008265A0 /* GitCoMingUITests.xctest */,
			);
			name = Products;
			sourceTree = "<group>";
		};
		FF9CE3942965B452008265A0 /* GitCoMing */ = {
			isa = PBXGroup;
			children = (
				FFF182C02965B9DB00E452C4 /* Sources */,
				FFF182BF2965B9D000E452C4 /* Resources */,
			);
			path = GitCoMing;
			sourceTree = "<group>";
		};
		FF9CE3AB2965B454008265A0 /* GitCoMingTests */ = {
			isa = PBXGroup;
			children = (
				FF9CE3AC2965B454008265A0 /* GitCoMingTests.swift */,
			);
			path = GitCoMingTests;
			sourceTree = "<group>";
		};
		FF9CE3B52965B454008265A0 /* GitCoMingUITests */ = {
			isa = PBXGroup;
			children = (
				FF9CE3B62965B454008265A0 /* GitCoMingUITests.swift */,
				FF9CE3B82965B454008265A0 /* GitCoMingUITestsLaunchTests.swift */,
			);
			path = GitCoMingUITests;
			sourceTree = "<group>";
		};
		FFCC88F9296612FA00AAD594 /* Reactor */ = {
			isa = PBXGroup;
			children = (
				FFCC88FA2966131000AAD594 /* CommonWebViewReactor.swift */,
			);
			path = Reactor;
			sourceTree = "<group>";
		};
		FFCC88FE29661FD400AAD594 /* Reactor */ = {
			isa = PBXGroup;
			children = (
				FFCC89012966B66400AAD594 /* SignInViewReactor.swift */,
			);
			path = Reactor;
			sourceTree = "<group>";
		};
		FFF182BF2965B9D000E452C4 /* Resources */ = {
			isa = PBXGroup;
			children = (
				FF775D612969A2DF00DFB500 /* Localize */,
				FF9CE39E2965B453008265A0 /* Assets.xcassets */,
				FF9CE3A32965B453008265A0 /* Info.plist */,
				FF775D9D296B337C00DFB500 /* Launch Screen.storyboard */,
			);
			path = Resources;
			sourceTree = "<group>";
		};
		FFF182C02965B9DB00E452C4 /* Sources */ = {
			isa = PBXGroup;
			children = (
				FF775D552968B14700DFB500 /* Components */,
				FFF182E92965FF6400E452C4 /* APIService */,
				FFF182C32965BA2300E452C4 /* Extensions */,
				FFF182DA2965E5E200E452C4 /* Domain */,
				FFF182D72965E4F900E452C4 /* Dependency */,
				FFF182C22965B9FF00E452C4 /* Presentation */,
				FFF182C12965B9E700E452C4 /* Application */,
			);
			path = Sources;
			sourceTree = "<group>";
		};
		FFF182C12965B9E700E452C4 /* Application */ = {
			isa = PBXGroup;
			children = (
				FF9CE3952965B452008265A0 /* AppDelegate.swift */,
				FF9CE3972965B452008265A0 /* SceneDelegate.swift */,
			);
			path = Application;
			sourceTree = "<group>";
		};
		FFF182C22965B9FF00E452C4 /* Presentation */ = {
			isa = PBXGroup;
			children = (
				FF775DAD296B953200DFB500 /* Profile */,
				FF775D5E29699E4800DFB500 /* Main */,
				FF775D512968AFBC00DFB500 /* Post */,
				FF775D7C296AF9BB00DFB500 /* Search */,
				FFF182EF29660E5A00E452C4 /* Common */,
				FFF182D62965E4E900E452C4 /* SignIn */,
				FFF182C62965BCBB00E452C4 /* Splash */,
			);
			path = Presentation;
			sourceTree = "<group>";
		};
		FFF182C32965BA2300E452C4 /* Extensions */ = {
			isa = PBXGroup;
			children = (
				FFF182CA2965BE0400E452C4 /* UIFont+Extensions.swift */,
				FFF182CC2965C0B800E452C4 /* UIColor+Extensions.swift */,
				FFF182CE2965C8C000E452C4 /* UIViewController+Extensions.swift */,
				FFF182E42965F99C00E452C4 /* Entity+Extensions.swift */,
				FFCC88FC296615AD00AAD594 /* ReactorKit+Extensions.swift */,
				FF12231E2966E1B800418A1B /* UIAlertController+Extensions.swift */,
				FF12232329671BFE00418A1B /* Bundle+Extensions.swift */,
				FF12232D2968AA5800418A1B /* UserDefaults+Extensions.swift */,
				FF775D5C2968CF6D00DFB500 /* Notification+Extension.swift */,
				FF775D6D2969A40500DFB500 /* String+Extensions.swift */,
				FF775D77296A034300DFB500 /* UIView+Extensions.swift */,
				FF775D93296B211400DFB500 /* UICollectionViewCell+Extensions.swift */,
			);
			path = Extensions;
			sourceTree = "<group>";
		};
		FFF182C62965BCBB00E452C4 /* Splash */ = {
			isa = PBXGroup;
			children = (
				FFF182C72965BCCD00E452C4 /* Reactor */,
				FFF182C82965BCDB00E452C4 /* SplashViewController.swift */,
			);
			path = Splash;
			sourceTree = "<group>";
		};
		FFF182C72965BCCD00E452C4 /* Reactor */ = {
			isa = PBXGroup;
			children = (
				FFF182D22965DC7500E452C4 /* SplashViewReactor.swift */,
			);
			path = Reactor;
			sourceTree = "<group>";
		};
		FFF182D62965E4E900E452C4 /* SignIn */ = {
			isa = PBXGroup;
			children = (
				FFCC88FE29661FD400AAD594 /* Reactor */,
				FFCC89032966B6AE00AAD594 /* SignInViewController.swift */,
			);
			path = SignIn;
			sourceTree = "<group>";
		};
		FFF182D72965E4F900E452C4 /* Dependency */ = {
			isa = PBXGroup;
			children = (
				FFF182DB2965E6BC00E452C4 /* Base */,
				FFCC890B2966C2B300AAD594 /* SignInDIContainer.swift */,
				FF1223202966F0CD00418A1B /* CommonWebDIContainer.swift */,
				FF775D5A2968BF1D00DFB500 /* PostDIContainer.swift */,
				FF775D7F296AFA1C00DFB500 /* SearchDIContainer.swift */,
				FF775DB0296B957800DFB500 /* ProfileDIContainer.swift */,
			);
			path = Dependency;
			sourceTree = "<group>";
		};
		FFF182DA2965E5E200E452C4 /* Domain */ = {
			isa = PBXGroup;
			children = (
				FF1223272968432F00418A1B /* Token.swift */,
				FF775D6F2969CC8200DFB500 /* Search.swift */,
				FF775DAB296B683A00DFB500 /* Star.swift */,
				FF775DB5296B9E4E00DFB500 /* Profile.swift */,
				FF775DB7296BC73300DFB500 /* Organizations.swift */,
			);
			path = Domain;
			sourceTree = "<group>";
		};
		FFF182DB2965E6BC00E452C4 /* Base */ = {
			isa = PBXGroup;
			children = (
				FFF182DC2965E6D200E452C4 /* BaseDIContainer.swift */,
			);
			path = Base;
			sourceTree = "<group>";
		};
		FFF182E92965FF6400E452C4 /* APIService */ = {
			isa = PBXGroup;
			children = (
				FF775D712969D14100DFB500 /* APIError */,
				FFF182EC2965FFDC00E452C4 /* Router */,
				FFF182EA2965FF8300E452C4 /* ApiHelper.swift */,
			);
			path = APIService;
			sourceTree = "<group>";
		};
		FFF182EC2965FFDC00E452C4 /* Router */ = {
			isa = PBXGroup;
			children = (
				FFF182ED2966000000E452C4 /* BaseRouter.swift */,
			);
			path = Router;
			sourceTree = "<group>";
		};
		FFF182EF29660E5A00E452C4 /* Common */ = {
			isa = PBXGroup;
			children = (
				FFCC88F9296612FA00AAD594 /* Reactor */,
				FFF182F029660E8600E452C4 /* CommonWebViewController.swift */,
			);
			path = Common;
			sourceTree = "<group>";
		};
/* End PBXGroup section */

/* Begin PBXNativeTarget section */
		FF9CE3912965B452008265A0 /* GitCoMing */ = {
			isa = PBXNativeTarget;
			buildConfigurationList = FF9CE3BC2965B454008265A0 /* Build configuration list for PBXNativeTarget "GitCoMing" */;
			buildPhases = (
				FF9CE38E2965B452008265A0 /* Sources */,
				FF9CE38F2965B452008265A0 /* Frameworks */,
				FF9CE3902965B452008265A0 /* Resources */,
			);
			buildRules = (
			);
			dependencies = (
			);
			name = GitCoMing;
			packageProductDependencies = (
				FFF182AD2965B90E00E452C4 /* RxCocoa */,
				FFF182AF2965B90E00E452C4 /* RxSwift */,
				FFF182B22965B93F00E452C4 /* Differentiator */,
				FFF182B42965B93F00E452C4 /* RxDataSources */,
				FFF182B72965B95F00E452C4 /* ReactorKit */,
				FFF182BA2965B97B00E452C4 /* SnapKit */,
				FFF182BD2965B99600E452C4 /* Then */,
				FFF182E72965FF5000E452C4 /* Alamofire */,
				FF775D7A296AF99100DFB500 /* RxGesture */,
			);
			productName = GitCoMing;
			productReference = FF9CE3922965B452008265A0 /* GitCoMing.app */;
			productType = "com.apple.product-type.application";
		};
		FF9CE3A72965B454008265A0 /* GitCoMingTests */ = {
			isa = PBXNativeTarget;
			buildConfigurationList = FF9CE3BF2965B454008265A0 /* Build configuration list for PBXNativeTarget "GitCoMingTests" */;
			buildPhases = (
				FF9CE3A42965B454008265A0 /* Sources */,
				FF9CE3A52965B454008265A0 /* Frameworks */,
				FF9CE3A62965B454008265A0 /* Resources */,
			);
			buildRules = (
			);
			dependencies = (
				FF9CE3AA2965B454008265A0 /* PBXTargetDependency */,
			);
			name = GitCoMingTests;
			productName = GitCoMingTests;
			productReference = FF9CE3A82965B454008265A0 /* GitCoMingTests.xctest */;
			productType = "com.apple.product-type.bundle.unit-test";
		};
		FF9CE3B12965B454008265A0 /* GitCoMingUITests */ = {
			isa = PBXNativeTarget;
			buildConfigurationList = FF9CE3C22965B454008265A0 /* Build configuration list for PBXNativeTarget "GitCoMingUITests" */;
			buildPhases = (
				FF9CE3AE2965B454008265A0 /* Sources */,
				FF9CE3AF2965B454008265A0 /* Frameworks */,
				FF9CE3B02965B454008265A0 /* Resources */,
			);
			buildRules = (
			);
			dependencies = (
				FF9CE3B42965B454008265A0 /* PBXTargetDependency */,
			);
			name = GitCoMingUITests;
			productName = GitCoMingUITests;
			productReference = FF9CE3B22965B454008265A0 /* GitCoMingUITests.xctest */;
			productType = "com.apple.product-type.bundle.ui-testing";
		};
/* End PBXNativeTarget section */

/* Begin PBXProject section */
		FF9CE38A2965B452008265A0 /* Project object */ = {
			isa = PBXProject;
			attributes = {
				BuildIndependentTargetsInParallel = 1;
				LastSwiftUpdateCheck = 1410;
				LastUpgradeCheck = 1410;
				TargetAttributes = {
					FF9CE3912965B452008265A0 = {
						CreatedOnToolsVersion = 14.1;
					};
					FF9CE3A72965B454008265A0 = {
						CreatedOnToolsVersion = 14.1;
						TestTargetID = FF9CE3912965B452008265A0;
					};
					FF9CE3B12965B454008265A0 = {
						CreatedOnToolsVersion = 14.1;
						TestTargetID = FF9CE3912965B452008265A0;
					};
				};
			};
			buildConfigurationList = FF9CE38D2965B452008265A0 /* Build configuration list for PBXProject "GitCoMing" */;
			compatibilityVersion = "Xcode 14.0";
			developmentRegion = en;
			hasScannedForEncodings = 0;
			knownRegions = (
				en,
				Base,
				ko,
			);
			mainGroup = FF9CE3892965B452008265A0;
			packageReferences = (
				FFF182AC2965B90E00E452C4 /* XCRemoteSwiftPackageReference "RxSwift" */,
				FFF182B12965B93F00E452C4 /* XCRemoteSwiftPackageReference "RxDataSources" */,
				FFF182B62965B95F00E452C4 /* XCRemoteSwiftPackageReference "ReactorKit" */,
				FFF182B92965B97B00E452C4 /* XCRemoteSwiftPackageReference "SnapKit" */,
				FFF182BC2965B99600E452C4 /* XCRemoteSwiftPackageReference "Then" */,
				FFF182E62965FF5000E452C4 /* XCRemoteSwiftPackageReference "Alamofire" */,
				FF775D79296AF99100DFB500 /* XCRemoteSwiftPackageReference "RxGesture" */,
			);
			productRefGroup = FF9CE3932965B452008265A0 /* Products */;
			projectDirPath = "";
			projectRoot = "";
			targets = (
				FF9CE3912965B452008265A0 /* GitCoMing */,
				FF9CE3A72965B454008265A0 /* GitCoMingTests */,
				FF9CE3B12965B454008265A0 /* GitCoMingUITests */,
			);
		};
/* End PBXProject section */

/* Begin PBXResourcesBuildPhase section */
		FF9CE3902965B452008265A0 /* Resources */ = {
			isa = PBXResourcesBuildPhase;
			buildActionMask = 2147483647;
			files = (
				FF775D9E296B337C00DFB500 /* Launch Screen.storyboard in Resources */,
				FF9CE39F2965B453008265A0 /* Assets.xcassets in Resources */,
				FF775D692969A37300DFB500 /* Localizable.strings in Resources */,
			);
			runOnlyForDeploymentPostprocessing = 0;
		};
		FF9CE3A62965B454008265A0 /* Resources */ = {
			isa = PBXResourcesBuildPhase;
			buildActionMask = 2147483647;
			files = (
			);
			runOnlyForDeploymentPostprocessing = 0;
		};
		FF9CE3B02965B454008265A0 /* Resources */ = {
			isa = PBXResourcesBuildPhase;
			buildActionMask = 2147483647;
			files = (
			);
			runOnlyForDeploymentPostprocessing = 0;
		};
/* End PBXResourcesBuildPhase section */

/* Begin PBXSourcesBuildPhase section */
		FF9CE38E2965B452008265A0 /* Sources */ = {
			isa = PBXSourcesBuildPhase;
			buildActionMask = 2147483647;
			files = (
				FFF182EB2965FF8300E452C4 /* ApiHelper.swift in Sources */,
				FF775DAC296B683A00DFB500 /* Star.swift in Sources */,
				FFF182D32965DC7500E452C4 /* SplashViewReactor.swift in Sources */,
				FF775D8E296B071600DFB500 /* SearchRecentlyKeywordCellReactor.swift in Sources */,
				FF775DB1296B957800DFB500 /* ProfileDIContainer.swift in Sources */,
				FF9CE3962965B452008265A0 /* AppDelegate.swift in Sources */,
				FFF182CD2965C0B800E452C4 /* UIColor+Extensions.swift in Sources */,
				FF775D80296AFA1C00DFB500 /* SearchDIContainer.swift in Sources */,
				FF775D86296AFD7100DFB500 /* SearchViewSection.swift in Sources */,
				FF775DAF296B954C00DFB500 /* ProfileViewController.swift in Sources */,
				FF775DA6296B4F1200DFB500 /* PostRepositoryListCell.swift in Sources */,
				FF775D5B2968BF1D00DFB500 /* PostDIContainer.swift in Sources */,
				FFCC890C2966C2B300AAD594 /* SignInDIContainer.swift in Sources */,
				FFF182E52965F99C00E452C4 /* Entity+Extensions.swift in Sources */,
				FF775D6029699E6100DFB500 /* MainViewController.swift in Sources */,
				FF775DAA296B626B00DFB500 /* RepositoryEmptyView.swift in Sources */,
				FFF182DD2965E6D200E452C4 /* BaseDIContainer.swift in Sources */,
				FFCC88FB2966131000AAD594 /* CommonWebViewReactor.swift in Sources */,
				FF775D732969E0C200DFB500 /* APIError.swift in Sources */,
				FF12232E2968AA5800418A1B /* UserDefaults+Extensions.swift in Sources */,
				FF775DBB296BDA1F00DFB500 /* ProfileViewSection.swift in Sources */,
				FFF182EE2966000000E452C4 /* BaseRouter.swift in Sources */,
				FFCC88FD296615AD00AAD594 /* ReactorKit+Extensions.swift in Sources */,
				FF9CE3982965B452008265A0 /* SceneDelegate.swift in Sources */,
				FF12232429671BFE00418A1B /* Bundle+Extensions.swift in Sources */,
				FF775D542968AFD900DFB500 /* PostViewController.swift in Sources */,
				FF775D572968B16900DFB500 /* GCMNavigationViewController.swift in Sources */,
				FF775D94296B211400DFB500 /* UICollectionViewCell+Extensions.swift in Sources */,
				FFF182CB2965BE0500E452C4 /* UIFont+Extensions.swift in Sources */,
				FF775D5D2968CF6D00DFB500 /* Notification+Extension.swift in Sources */,
				FF775D8B296B046600DFB500 /* SearchRecentlyKeywordCell.swift in Sources */,
				FF775D7E296AF9D300DFB500 /* SearchViewController.swift in Sources */,
				FFF182F129660E8700E452C4 /* CommonWebViewController.swift in Sources */,
				FF775D78296A034300DFB500 /* UIView+Extensions.swift in Sources */,
				FFF182CF2965C8C000E452C4 /* UIViewController+Extensions.swift in Sources */,
				FF1223282968432F00418A1B /* Token.swift in Sources */,
				FF775DA1296B4C8E00DFB500 /* PostViewSection.swift in Sources */,
				FF775DA8296B4F4800DFB500 /* PostRepositoryCellReactor.swift in Sources */,
				FF775DB8296BC73300DFB500 /* Organizations.swift in Sources */,
				FFCC89042966B6AE00AAD594 /* SignInViewController.swift in Sources */,
				FFF182C92965BCDB00E452C4 /* SplashViewController.swift in Sources */,
				FF775DC1296BDCC200DFB500 /* ProfileOrganizationsCellReactor.swift in Sources */,
				FF775D6E2969A40500DFB500 /* String+Extensions.swift in Sources */,
				FF12231F2966E1B800418A1B /* UIAlertController+Extensions.swift in Sources */,
				FF775DB6296B9E4E00DFB500 /* Profile.swift in Sources */,
				FF1223212966F0CE00418A1B /* CommonWebDIContainer.swift in Sources */,
				FF775D76296A030B00DFB500 /* SearchView.swift in Sources */,
				FF775D702969CC8200DFB500 /* Search.swift in Sources */,
				FFCC89022966B66400AAD594 /* SignInViewReactor.swift in Sources */,
				FF775D592968BE5200DFB500 /* PostViewReactor.swift in Sources */,
				FF775D88296B014D00DFB500 /* GCMLeftAlignedCollectionViewFlowLayout.swift in Sources */,
				FF775D83296AFA7400DFB500 /* SearchViewReactor.swift in Sources */,
				FF775DB4296B966F00DFB500 /* ProfileViewReactor.swift in Sources */,
				FF775DBE296BDC5600DFB500 /* ProfileOrganizationsCell.swift in Sources */,
			);
			runOnlyForDeploymentPostprocessing = 0;
		};
		FF9CE3A42965B454008265A0 /* Sources */ = {
			isa = PBXSourcesBuildPhase;
			buildActionMask = 2147483647;
			files = (
				FF9CE3AD2965B454008265A0 /* GitCoMingTests.swift in Sources */,
			);
			runOnlyForDeploymentPostprocessing = 0;
		};
		FF9CE3AE2965B454008265A0 /* Sources */ = {
			isa = PBXSourcesBuildPhase;
			buildActionMask = 2147483647;
			files = (
				FF9CE3B92965B454008265A0 /* GitCoMingUITestsLaunchTests.swift in Sources */,
				FF9CE3B72965B454008265A0 /* GitCoMingUITests.swift in Sources */,
			);
			runOnlyForDeploymentPostprocessing = 0;
		};
/* End PBXSourcesBuildPhase section */

/* Begin PBXTargetDependency section */
		FF9CE3AA2965B454008265A0 /* PBXTargetDependency */ = {
			isa = PBXTargetDependency;
			target = FF9CE3912965B452008265A0 /* GitCoMing */;
			targetProxy = FF9CE3A92965B454008265A0 /* PBXContainerItemProxy */;
		};
		FF9CE3B42965B454008265A0 /* PBXTargetDependency */ = {
			isa = PBXTargetDependency;
			target = FF9CE3912965B452008265A0 /* GitCoMing */;
			targetProxy = FF9CE3B32965B454008265A0 /* PBXContainerItemProxy */;
		};
/* End PBXTargetDependency section */

/* Begin PBXVariantGroup section */
		FF775D6B2969A37300DFB500 /* Localizable.strings */ = {
			isa = PBXVariantGroup;
			children = (
				FF775D6A2969A37300DFB500 /* en */,
				FF775D6C2969A39F00DFB500 /* ko */,
			);
			name = Localizable.strings;
			sourceTree = "<group>";
		};
/* End PBXVariantGroup section */

/* Begin XCBuildConfiguration section */
		FF9CE3BA2965B454008265A0 /* Debug */ = {
			isa = XCBuildConfiguration;
			buildSettings = {
				ALWAYS_SEARCH_USER_PATHS = NO;
				CLANG_ANALYZER_LOCALIZABILITY_NONLOCALIZED = YES;
				CLANG_ANALYZER_NONNULL = YES;
				CLANG_ANALYZER_NUMBER_OBJECT_CONVERSION = YES_AGGRESSIVE;
				CLANG_CXX_LANGUAGE_STANDARD = "gnu++20";
				CLANG_ENABLE_MODULES = YES;
				CLANG_ENABLE_OBJC_ARC = YES;
				CLANG_ENABLE_OBJC_WEAK = YES;
				CLANG_WARN_BLOCK_CAPTURE_AUTORELEASING = YES;
				CLANG_WARN_BOOL_CONVERSION = YES;
				CLANG_WARN_COMMA = YES;
				CLANG_WARN_CONSTANT_CONVERSION = YES;
				CLANG_WARN_DEPRECATED_OBJC_IMPLEMENTATIONS = YES;
				CLANG_WARN_DIRECT_OBJC_ISA_USAGE = YES_ERROR;
				CLANG_WARN_DOCUMENTATION_COMMENTS = YES;
				CLANG_WARN_EMPTY_BODY = YES;
				CLANG_WARN_ENUM_CONVERSION = YES;
				CLANG_WARN_INFINITE_RECURSION = YES;
				CLANG_WARN_INT_CONVERSION = YES;
				CLANG_WARN_NON_LITERAL_NULL_CONVERSION = YES;
				CLANG_WARN_OBJC_IMPLICIT_RETAIN_SELF = YES;
				CLANG_WARN_OBJC_LITERAL_CONVERSION = YES;
				CLANG_WARN_OBJC_ROOT_CLASS = YES_ERROR;
				CLANG_WARN_QUOTED_INCLUDE_IN_FRAMEWORK_HEADER = YES;
				CLANG_WARN_RANGE_LOOP_ANALYSIS = YES;
				CLANG_WARN_STRICT_PROTOTYPES = YES;
				CLANG_WARN_SUSPICIOUS_MOVE = YES;
				CLANG_WARN_UNGUARDED_AVAILABILITY = YES_AGGRESSIVE;
				CLANG_WARN_UNREACHABLE_CODE = YES;
				CLANG_WARN__DUPLICATE_METHOD_MATCH = YES;
				COPY_PHASE_STRIP = NO;
				DEBUG_INFORMATION_FORMAT = dwarf;
				ENABLE_STRICT_OBJC_MSGSEND = YES;
				ENABLE_TESTABILITY = YES;
				GCC_C_LANGUAGE_STANDARD = gnu11;
				GCC_DYNAMIC_NO_PIC = NO;
				GCC_NO_COMMON_BLOCKS = YES;
				GCC_OPTIMIZATION_LEVEL = 0;
				GCC_PREPROCESSOR_DEFINITIONS = (
					"DEBUG=1",
					"$(inherited)",
				);
				GCC_WARN_64_TO_32_BIT_CONVERSION = YES;
				GCC_WARN_ABOUT_RETURN_TYPE = YES_ERROR;
				GCC_WARN_UNDECLARED_SELECTOR = YES;
				GCC_WARN_UNINITIALIZED_AUTOS = YES_AGGRESSIVE;
				GCC_WARN_UNUSED_FUNCTION = YES;
				GCC_WARN_UNUSED_VARIABLE = YES;
				IPHONEOS_DEPLOYMENT_TARGET = 13.0;
				MTL_ENABLE_DEBUG_INFO = INCLUDE_SOURCE;
				MTL_FAST_MATH = YES;
				ONLY_ACTIVE_ARCH = YES;
				SDKROOT = iphoneos;
				SWIFT_ACTIVE_COMPILATION_CONDITIONS = DEBUG;
				SWIFT_OPTIMIZATION_LEVEL = "-Onone";
			};
			name = Debug;
		};
		FF9CE3BB2965B454008265A0 /* Release */ = {
			isa = XCBuildConfiguration;
			buildSettings = {
				ALWAYS_SEARCH_USER_PATHS = NO;
				CLANG_ANALYZER_LOCALIZABILITY_NONLOCALIZED = YES;
				CLANG_ANALYZER_NONNULL = YES;
				CLANG_ANALYZER_NUMBER_OBJECT_CONVERSION = YES_AGGRESSIVE;
				CLANG_CXX_LANGUAGE_STANDARD = "gnu++20";
				CLANG_ENABLE_MODULES = YES;
				CLANG_ENABLE_OBJC_ARC = YES;
				CLANG_ENABLE_OBJC_WEAK = YES;
				CLANG_WARN_BLOCK_CAPTURE_AUTORELEASING = YES;
				CLANG_WARN_BOOL_CONVERSION = YES;
				CLANG_WARN_COMMA = YES;
				CLANG_WARN_CONSTANT_CONVERSION = YES;
				CLANG_WARN_DEPRECATED_OBJC_IMPLEMENTATIONS = YES;
				CLANG_WARN_DIRECT_OBJC_ISA_USAGE = YES_ERROR;
				CLANG_WARN_DOCUMENTATION_COMMENTS = YES;
				CLANG_WARN_EMPTY_BODY = YES;
				CLANG_WARN_ENUM_CONVERSION = YES;
				CLANG_WARN_INFINITE_RECURSION = YES;
				CLANG_WARN_INT_CONVERSION = YES;
				CLANG_WARN_NON_LITERAL_NULL_CONVERSION = YES;
				CLANG_WARN_OBJC_IMPLICIT_RETAIN_SELF = YES;
				CLANG_WARN_OBJC_LITERAL_CONVERSION = YES;
				CLANG_WARN_OBJC_ROOT_CLASS = YES_ERROR;
				CLANG_WARN_QUOTED_INCLUDE_IN_FRAMEWORK_HEADER = YES;
				CLANG_WARN_RANGE_LOOP_ANALYSIS = YES;
				CLANG_WARN_STRICT_PROTOTYPES = YES;
				CLANG_WARN_SUSPICIOUS_MOVE = YES;
				CLANG_WARN_UNGUARDED_AVAILABILITY = YES_AGGRESSIVE;
				CLANG_WARN_UNREACHABLE_CODE = YES;
				CLANG_WARN__DUPLICATE_METHOD_MATCH = YES;
				COPY_PHASE_STRIP = NO;
				DEBUG_INFORMATION_FORMAT = "dwarf-with-dsym";
				ENABLE_NS_ASSERTIONS = NO;
				ENABLE_STRICT_OBJC_MSGSEND = YES;
				GCC_C_LANGUAGE_STANDARD = gnu11;
				GCC_NO_COMMON_BLOCKS = YES;
				GCC_WARN_64_TO_32_BIT_CONVERSION = YES;
				GCC_WARN_ABOUT_RETURN_TYPE = YES_ERROR;
				GCC_WARN_UNDECLARED_SELECTOR = YES;
				GCC_WARN_UNINITIALIZED_AUTOS = YES_AGGRESSIVE;
				GCC_WARN_UNUSED_FUNCTION = YES;
				GCC_WARN_UNUSED_VARIABLE = YES;
				IPHONEOS_DEPLOYMENT_TARGET = 13.0;
				MTL_ENABLE_DEBUG_INFO = NO;
				MTL_FAST_MATH = YES;
				SDKROOT = iphoneos;
				SWIFT_COMPILATION_MODE = wholemodule;
				SWIFT_OPTIMIZATION_LEVEL = "-O";
				VALIDATE_PRODUCT = YES;
			};
			name = Release;
		};
		FF9CE3BD2965B454008265A0 /* Debug */ = {
			isa = XCBuildConfiguration;
			buildSettings = {
				ASSETCATALOG_COMPILER_APPICON_NAME = AppIcon;
				ASSETCATALOG_COMPILER_GLOBAL_ACCENT_COLOR_NAME = AccentColor;
				CODE_SIGN_STYLE = Automatic;
				CURRENT_PROJECT_VERSION = 1;
				DEVELOPMENT_TEAM = XKA22N2KHA;
				GENERATE_INFOPLIST_FILE = YES;
				INFOPLIST_FILE = GitCoMing/Info.plist;
				INFOPLIST_KEY_UIApplicationSupportsIndirectInputEvents = YES;
				INFOPLIST_KEY_UILaunchStoryboardName = "Launch Screen";
				INFOPLIST_KEY_UISupportedInterfaceOrientations = UIInterfaceOrientationPortrait;
				INFOPLIST_KEY_UIUserInterfaceStyle = Light;
				IPHONEOS_DEPLOYMENT_TARGET = 13.0;
				LD_RUNPATH_SEARCH_PATHS = (
					"$(inherited)",
					"@executable_path/Frameworks",
				);
				MARKETING_VERSION = 1.0;
				PRODUCT_BUNDLE_IDENTIFIER = com.project.GitCoMing;
				PRODUCT_NAME = "$(TARGET_NAME)";
				SWIFT_EMIT_LOC_STRINGS = YES;
				SWIFT_VERSION = 5.0;
				TARGETED_DEVICE_FAMILY = "1,2";
			};
			name = Debug;
		};
		FF9CE3BE2965B454008265A0 /* Release */ = {
			isa = XCBuildConfiguration;
			buildSettings = {
				ASSETCATALOG_COMPILER_APPICON_NAME = AppIcon;
				ASSETCATALOG_COMPILER_GLOBAL_ACCENT_COLOR_NAME = AccentColor;
				CODE_SIGN_STYLE = Automatic;
				CURRENT_PROJECT_VERSION = 1;
				DEVELOPMENT_TEAM = XKA22N2KHA;
				GENERATE_INFOPLIST_FILE = YES;
				INFOPLIST_FILE = GitCoMing/Info.plist;
				INFOPLIST_KEY_UIApplicationSupportsIndirectInputEvents = YES;
				INFOPLIST_KEY_UILaunchStoryboardName = "Launch Screen";
				INFOPLIST_KEY_UISupportedInterfaceOrientations = UIInterfaceOrientationPortrait;
				INFOPLIST_KEY_UIUserInterfaceStyle = Light;
				IPHONEOS_DEPLOYMENT_TARGET = 13.0;
				LD_RUNPATH_SEARCH_PATHS = (
					"$(inherited)",
					"@executable_path/Frameworks",
				);
				MARKETING_VERSION = 1.0;
				PRODUCT_BUNDLE_IDENTIFIER = com.project.GitCoMing;
				PRODUCT_NAME = "$(TARGET_NAME)";
				SWIFT_EMIT_LOC_STRINGS = YES;
				SWIFT_VERSION = 5.0;
				TARGETED_DEVICE_FAMILY = "1,2";
			};
			name = Release;
		};
		FF9CE3C02965B454008265A0 /* Debug */ = {
			isa = XCBuildConfiguration;
			buildSettings = {
				ALWAYS_EMBED_SWIFT_STANDARD_LIBRARIES = YES;
				BUNDLE_LOADER = "$(TEST_HOST)";
				CODE_SIGN_STYLE = Automatic;
				CURRENT_PROJECT_VERSION = 1;
				DEVELOPMENT_TEAM = XKA22N2KHA;
				GENERATE_INFOPLIST_FILE = YES;
				IPHONEOS_DEPLOYMENT_TARGET = 16.1;
				MARKETING_VERSION = 1.0;
				PRODUCT_BUNDLE_IDENTIFIER = com.project.GitCoMingTests;
				PRODUCT_NAME = "$(TARGET_NAME)";
				SWIFT_EMIT_LOC_STRINGS = NO;
				SWIFT_VERSION = 5.0;
				TARGETED_DEVICE_FAMILY = "1,2";
				TEST_HOST = "$(BUILT_PRODUCTS_DIR)/GitCoMing.app/$(BUNDLE_EXECUTABLE_FOLDER_PATH)/GitCoMing";
			};
			name = Debug;
		};
		FF9CE3C12965B454008265A0 /* Release */ = {
			isa = XCBuildConfiguration;
			buildSettings = {
				ALWAYS_EMBED_SWIFT_STANDARD_LIBRARIES = YES;
				BUNDLE_LOADER = "$(TEST_HOST)";
				CODE_SIGN_STYLE = Automatic;
				CURRENT_PROJECT_VERSION = 1;
				DEVELOPMENT_TEAM = XKA22N2KHA;
				GENERATE_INFOPLIST_FILE = YES;
				IPHONEOS_DEPLOYMENT_TARGET = 16.1;
				MARKETING_VERSION = 1.0;
				PRODUCT_BUNDLE_IDENTIFIER = com.project.GitCoMingTests;
				PRODUCT_NAME = "$(TARGET_NAME)";
				SWIFT_EMIT_LOC_STRINGS = NO;
				SWIFT_VERSION = 5.0;
				TARGETED_DEVICE_FAMILY = "1,2";
				TEST_HOST = "$(BUILT_PRODUCTS_DIR)/GitCoMing.app/$(BUNDLE_EXECUTABLE_FOLDER_PATH)/GitCoMing";
			};
			name = Release;
		};
		FF9CE3C32965B454008265A0 /* Debug */ = {
			isa = XCBuildConfiguration;
			buildSettings = {
				ALWAYS_EMBED_SWIFT_STANDARD_LIBRARIES = YES;
				CODE_SIGN_STYLE = Automatic;
				CURRENT_PROJECT_VERSION = 1;
				DEVELOPMENT_TEAM = XKA22N2KHA;
				GENERATE_INFOPLIST_FILE = YES;
				MARKETING_VERSION = 1.0;
				PRODUCT_BUNDLE_IDENTIFIER = com.project.GitCoMingUITests;
				PRODUCT_NAME = "$(TARGET_NAME)";
				SWIFT_EMIT_LOC_STRINGS = NO;
				SWIFT_VERSION = 5.0;
				TARGETED_DEVICE_FAMILY = "1,2";
				TEST_TARGET_NAME = GitCoMing;
			};
			name = Debug;
		};
		FF9CE3C42965B454008265A0 /* Release */ = {
			isa = XCBuildConfiguration;
			buildSettings = {
				ALWAYS_EMBED_SWIFT_STANDARD_LIBRARIES = YES;
				CODE_SIGN_STYLE = Automatic;
				CURRENT_PROJECT_VERSION = 1;
				DEVELOPMENT_TEAM = XKA22N2KHA;
				GENERATE_INFOPLIST_FILE = YES;
				MARKETING_VERSION = 1.0;
				PRODUCT_BUNDLE_IDENTIFIER = com.project.GitCoMingUITests;
				PRODUCT_NAME = "$(TARGET_NAME)";
				SWIFT_EMIT_LOC_STRINGS = NO;
				SWIFT_VERSION = 5.0;
				TARGETED_DEVICE_FAMILY = "1,2";
				TEST_TARGET_NAME = GitCoMing;
			};
			name = Release;
		};
/* End XCBuildConfiguration section */

/* Begin XCConfigurationList section */
		FF9CE38D2965B452008265A0 /* Build configuration list for PBXProject "GitCoMing" */ = {
			isa = XCConfigurationList;
			buildConfigurations = (
				FF9CE3BA2965B454008265A0 /* Debug */,
				FF9CE3BB2965B454008265A0 /* Release */,
			);
			defaultConfigurationIsVisible = 0;
			defaultConfigurationName = Release;
		};
		FF9CE3BC2965B454008265A0 /* Build configuration list for PBXNativeTarget "GitCoMing" */ = {
			isa = XCConfigurationList;
			buildConfigurations = (
				FF9CE3BD2965B454008265A0 /* Debug */,
				FF9CE3BE2965B454008265A0 /* Release */,
			);
			defaultConfigurationIsVisible = 0;
			defaultConfigurationName = Release;
		};
		FF9CE3BF2965B454008265A0 /* Build configuration list for PBXNativeTarget "GitCoMingTests" */ = {
			isa = XCConfigurationList;
			buildConfigurations = (
				FF9CE3C02965B454008265A0 /* Debug */,
				FF9CE3C12965B454008265A0 /* Release */,
			);
			defaultConfigurationIsVisible = 0;
			defaultConfigurationName = Release;
		};
		FF9CE3C22965B454008265A0 /* Build configuration list for PBXNativeTarget "GitCoMingUITests" */ = {
			isa = XCConfigurationList;
			buildConfigurations = (
				FF9CE3C32965B454008265A0 /* Debug */,
				FF9CE3C42965B454008265A0 /* Release */,
			);
			defaultConfigurationIsVisible = 0;
			defaultConfigurationName = Release;
		};
/* End XCConfigurationList section */

/* Begin XCRemoteSwiftPackageReference section */
		FF775D79296AF99100DFB500 /* XCRemoteSwiftPackageReference "RxGesture" */ = {
			isa = XCRemoteSwiftPackageReference;
			repositoryURL = "https://github.com/RxSwiftCommunity/RxGesture.git";
			requirement = {
				kind = upToNextMajorVersion;
				minimumVersion = 4.0.0;
			};
		};
		FFF182AC2965B90E00E452C4 /* XCRemoteSwiftPackageReference "RxSwift" */ = {
			isa = XCRemoteSwiftPackageReference;
			repositoryURL = "https://github.com/ReactiveX/RxSwift.git";
			requirement = {
				kind = upToNextMajorVersion;
				minimumVersion = 6.0.0;
			};
		};
		FFF182B12965B93F00E452C4 /* XCRemoteSwiftPackageReference "RxDataSources" */ = {
			isa = XCRemoteSwiftPackageReference;
			repositoryURL = "https://github.com/RxSwiftCommunity/RxDataSources.git";
			requirement = {
				kind = upToNextMajorVersion;
				minimumVersion = 5.0.0;
			};
		};
		FFF182B62965B95F00E452C4 /* XCRemoteSwiftPackageReference "ReactorKit" */ = {
			isa = XCRemoteSwiftPackageReference;
			repositoryURL = "https://github.com/ReactorKit/ReactorKit.git";
			requirement = {
				kind = upToNextMajorVersion;
				minimumVersion = 3.0.0;
			};
		};
		FFF182B92965B97B00E452C4 /* XCRemoteSwiftPackageReference "SnapKit" */ = {
			isa = XCRemoteSwiftPackageReference;
			repositoryURL = "https://github.com/SnapKit/SnapKit.git";
			requirement = {
				branch = develop;
				kind = branch;
			};
		};
		FFF182BC2965B99600E452C4 /* XCRemoteSwiftPackageReference "Then" */ = {
			isa = XCRemoteSwiftPackageReference;
			repositoryURL = "https://github.com/devxoul/Then.git";
			requirement = {
				kind = upToNextMajorVersion;
				minimumVersion = 3.0.0;
			};
		};
		FFF182E62965FF5000E452C4 /* XCRemoteSwiftPackageReference "Alamofire" */ = {
			isa = XCRemoteSwiftPackageReference;
			repositoryURL = "https://github.com/Alamofire/Alamofire.git";
			requirement = {
				kind = upToNextMajorVersion;
				minimumVersion = 5.0.0;
			};
		};
/* End XCRemoteSwiftPackageReference section */

/* Begin XCSwiftPackageProductDependency section */
		FF775D7A296AF99100DFB500 /* RxGesture */ = {
			isa = XCSwiftPackageProductDependency;
			package = FF775D79296AF99100DFB500 /* XCRemoteSwiftPackageReference "RxGesture" */;
			productName = RxGesture;
		};
		FFF182AD2965B90E00E452C4 /* RxCocoa */ = {
			isa = XCSwiftPackageProductDependency;
			package = FFF182AC2965B90E00E452C4 /* XCRemoteSwiftPackageReference "RxSwift" */;
			productName = RxCocoa;
		};
		FFF182AF2965B90E00E452C4 /* RxSwift */ = {
			isa = XCSwiftPackageProductDependency;
			package = FFF182AC2965B90E00E452C4 /* XCRemoteSwiftPackageReference "RxSwift" */;
			productName = RxSwift;
		};
		FFF182B22965B93F00E452C4 /* Differentiator */ = {
			isa = XCSwiftPackageProductDependency;
			package = FFF182B12965B93F00E452C4 /* XCRemoteSwiftPackageReference "RxDataSources" */;
			productName = Differentiator;
		};
		FFF182B42965B93F00E452C4 /* RxDataSources */ = {
			isa = XCSwiftPackageProductDependency;
			package = FFF182B12965B93F00E452C4 /* XCRemoteSwiftPackageReference "RxDataSources" */;
			productName = RxDataSources;
		};
		FFF182B72965B95F00E452C4 /* ReactorKit */ = {
			isa = XCSwiftPackageProductDependency;
			package = FFF182B62965B95F00E452C4 /* XCRemoteSwiftPackageReference "ReactorKit" */;
			productName = ReactorKit;
		};
		FFF182BA2965B97B00E452C4 /* SnapKit */ = {
			isa = XCSwiftPackageProductDependency;
			package = FFF182B92965B97B00E452C4 /* XCRemoteSwiftPackageReference "SnapKit" */;
			productName = SnapKit;
		};
		FFF182BD2965B99600E452C4 /* Then */ = {
			isa = XCSwiftPackageProductDependency;
			package = FFF182BC2965B99600E452C4 /* XCRemoteSwiftPackageReference "Then" */;
			productName = Then;
		};
		FFF182E72965FF5000E452C4 /* Alamofire */ = {
			isa = XCSwiftPackageProductDependency;
			package = FFF182E62965FF5000E452C4 /* XCRemoteSwiftPackageReference "Alamofire" */;
			productName = Alamofire;
		};
/* End XCSwiftPackageProductDependency section */
	};
	rootObject = FF9CE38A2965B452008265A0 /* Project object */;
}
